
Microsoft Visual Studio Solution File, Format Version 12.00
# Visual Studio Version 16
VisualStudioVersion = 16.0.29613.14
MinimumVisualStudioVersion = 10.0.40219.1
Project("{FAE04EC0-301F-11D3-BF4B-00C04F79EFBC}") = "YP5_PagePrimer_Cherednichenko", "YP5_PagePrimer_Cherednichenko.csproj", "{4CF63559-E23F-493C-87DD-40EEFCC6B28B}"
EndProject
Global
	GlobalSection(SolutionConfigurationPlatforms) = preSolution
		Debug|Any CPU = Debug|Any CPU
		Release|Any CPU = Release|Any CPU
	EndGlobalSection
	GlobalSection(ProjectConfigurationPlatforms) = postSolution
		{4CF63559-E23F-493C-87DD-40EEFCC6B28B}.Debug|Any CPU.ActiveCfg = Debug|Any CPU
		{4CF63559-E23F-493C-87DD-40EEFCC6B28B}.Debug|Any CPU.Build.0 = Debug|Any CPU
		{4CF63559-E23F-493C-87DD-40EEFCC6B28B}.Release|Any CPU.ActiveCfg = Release|Any CPU
		{4CF63559-E23F-493C-87DD-40EEFCC6B28B}.Release|Any CPU.Build.0 = Release|Any CPU
	EndGlobalSection
	GlobalSection(SolutionProperties) = preSolution
		HideSolutionNode = FALSE
	EndGlobalSection
	GlobalSection(ExtensibilityGlobals) = postSolution
		SolutionGuid = {94207F36-7E9F-4A74-B99F-C54E7B62D6D0}
	EndGlobalSection
EndGlobal
